
Microsoft Visual Studio Solution File, Format Version 12.00
# Visual Studio 14
VisualStudioVersion = 14.0.25420.1
MinimumVisualStudioVersion = 10.0.40219.1
Project("{D2ABAB84-BF74-430A-B69E-9DC6D40DDA17}") = "Cubo_Kdosh", "Cubo_Kdosh\Cubo_Kdosh.dwproj", "{F874779D-B287-4990-8033-EBAF40F45ED2}"
EndProject
Global
	GlobalSection(SolutionConfigurationPlatforms) = preSolution
		Development|Default = Development|Default
	EndGlobalSection
	GlobalSection(ProjectConfigurationPlatforms) = postSolution
		{F874779D-B287-4990-8033-EBAF40F45ED2}.Development|Default.ActiveCfg = Development
		{F874779D-B287-4990-8033-EBAF40F45ED2}.Development|Default.Build.0 = Development
		{F874779D-B287-4990-8033-EBAF40F45ED2}.Development|Default.Deploy.0 = Development
	EndGlobalSection
	GlobalSection(SolutionProperties) = preSolution
		HideSolutionNode = FALSE
	EndGlobalSection
EndGlobal
